
Microsoft Visual Studio Solution File, Format Version 12.00
# Visual Studio Version 16
VisualStudioVersion = 16.0.31729.503
MinimumVisualStudioVersion = 10.0.40219.1
Project("{FAE04EC0-301F-11D3-BF4B-00C04F79EFBC}") = "Benutzerverwaltung", "Benutzerverwaltung\Benutzerverwaltung.csproj", "{CC6D099A-F34D-44D6-8B05-40029F15E8CE}"
EndProject
Global
	GlobalSection(SolutionConfigurationPlatforms) = preSolution
		Debug|Any CPU = Debug|Any CPU
		Release|Any CPU = Release|Any CPU
	EndGlobalSection
	GlobalSection(ProjectConfigurationPlatforms) = postSolution
		{CC6D099A-F34D-44D6-8B05-40029F15E8CE}.Debug|Any CPU.ActiveCfg = Debug|Any CPU
		{CC6D099A-F34D-44D6-8B05-40029F15E8CE}.Debug|Any CPU.Build.0 = Debug|Any CPU
		{CC6D099A-F34D-44D6-8B05-40029F15E8CE}.Release|Any CPU.ActiveCfg = Release|Any CPU
		{CC6D099A-F34D-44D6-8B05-40029F15E8CE}.Release|Any CPU.Build.0 = Release|Any CPU
	EndGlobalSection
	GlobalSection(SolutionProperties) = preSolution
		HideSolutionNode = FALSE
	EndGlobalSection
	GlobalSection(ExtensibilityGlobals) = postSolution
		SolutionGuid = {7E2F9399-0785-48A6-8957-2EEA657CF06C}
	EndGlobalSection
EndGlobal
